
Microsoft Visual Studio Solution File, Format Version 12.00
# Visual Studio Version 17
VisualStudioVersion = 17.3.32929.385
MinimumVisualStudioVersion = 10.0.40219.1
Project("{FAE04EC0-301F-11D3-BF4B-00C04F79EFBC}") = "ValidIP", "ValidIP\ValidIP.csproj", "{4395F110-653E-4092-AB0F-33EF1AB03BF2}"
EndProject
Global
	GlobalSection(SolutionConfigurationPlatforms) = preSolution
		Debug|Any CPU = Debug|Any CPU
		Release|Any CPU = Release|Any CPU
	EndGlobalSection
	GlobalSection(ProjectConfigurationPlatforms) = postSolution
		{4395F110-653E-4092-AB0F-33EF1AB03BF2}.Debug|Any CPU.ActiveCfg = Debug|Any CPU
		{4395F110-653E-4092-AB0F-33EF1AB03BF2}.Debug|Any CPU.Build.0 = Debug|Any CPU
		{4395F110-653E-4092-AB0F-33EF1AB03BF2}.Release|Any CPU.ActiveCfg = Release|Any CPU
		{4395F110-653E-4092-AB0F-33EF1AB03BF2}.Release|Any CPU.Build.0 = Release|Any CPU
	EndGlobalSection
	GlobalSection(SolutionProperties) = preSolution
		HideSolutionNode = FALSE
	EndGlobalSection
	GlobalSection(ExtensibilityGlobals) = postSolution
		SolutionGuid = {2ED87575-1347-481F-A4E4-95BDFBC03FC9}
	EndGlobalSection
EndGlobal
